// !$*UTF8*$!
{
	archiveVersion = 1;
	classes = {
	};
	objectVersion = 46;
	objects = {

/* Begin PBXBuildFile section */
		B29660761AC33D2B0070C7A5 /* ProdutoSingleton.m in Sources */ = {isa = PBXBuildFile; fileRef = B29660751AC33D2B0070C7A5 /* ProdutoSingleton.m */; };
		B29660781AC341EA0070C7A5 /* Realm.framework in Frameworks */ = {isa = PBXBuildFile; fileRef = B29660771AC341EA0070C7A5 /* Realm.framework */; };
		B296607A1AC342110070C7A5 /* libc++.dylib in Frameworks */ = {isa = PBXBuildFile; fileRef = B29660791AC342110070C7A5 /* libc++.dylib */; };
		B296607D1AC3426D0070C7A5 /* Produto.m in Sources */ = {isa = PBXBuildFile; fileRef = B296607C1AC3426D0070C7A5 /* Produto.m */; };
		B29660801AC351270070C7A5 /* CalendarioViewController.m in Sources */ = {isa = PBXBuildFile; fileRef = B296607F1AC351270070C7A5 /* CalendarioViewController.m */; };
		B29660831AC4756F0070C7A5 /* addProdViewController.m in Sources */ = {isa = PBXBuildFile; fileRef = B29660821AC4756F0070C7A5 /* addProdViewController.m */; };
		B29660861AC49DE00070C7A5 /* DatePickerTableViewCell.m in Sources */ = {isa = PBXBuildFile; fileRef = B29660851AC49DE00070C7A5 /* DatePickerTableViewCell.m */; };
		B29660891AC49DF70070C7A5 /* ProdutoTableViewCell.m in Sources */ = {isa = PBXBuildFile; fileRef = B29660881AC49DF70070C7A5 /* ProdutoTableViewCell.m */; };
		B296608C1AC49E080070C7A5 /* ImagemTableViewCell.m in Sources */ = {isa = PBXBuildFile; fileRef = B296608B1AC49E080070C7A5 /* ImagemTableViewCell.m */; };
		B296608F1AC49EF20070C7A5 /* DataValidadeTableViewCell.m in Sources */ = {isa = PBXBuildFile; fileRef = B296608E1AC49EF20070C7A5 /* DataValidadeTableViewCell.m */; };
		B2D39C5C1ACC7343005201FB /* DetalhesViewController.m in Sources */ = {isa = PBXBuildFile; fileRef = B2D39C5B1ACC7343005201FB /* DetalhesViewController.m */; };
		B303F24D1AC33233000879FA /* main.m in Sources */ = {isa = PBXBuildFile; fileRef = B303F24C1AC33233000879FA /* main.m */; };
		B303F2501AC33233000879FA /* AppDelegate.m in Sources */ = {isa = PBXBuildFile; fileRef = B303F24F1AC33233000879FA /* AppDelegate.m */; };
		B303F2531AC33233000879FA /* ViewController.m in Sources */ = {isa = PBXBuildFile; fileRef = B303F2521AC33233000879FA /* ViewController.m */; };
		B303F2561AC33233000879FA /* Main.storyboard in Resources */ = {isa = PBXBuildFile; fileRef = B303F2541AC33233000879FA /* Main.storyboard */; };
		B303F2581AC33233000879FA /* Images.xcassets in Resources */ = {isa = PBXBuildFile; fileRef = B303F2571AC33233000879FA /* Images.xcassets */; };
		B303F25B1AC33233000879FA /* LaunchScreen.xib in Resources */ = {isa = PBXBuildFile; fileRef = B303F2591AC33233000879FA /* LaunchScreen.xib */; };
		B303F2671AC33233000879FA /* ERTests.m in Sources */ = {isa = PBXBuildFile; fileRef = B303F2661AC33233000879FA /* ERTests.m */; };
		B303F29B1ACA034D000879FA /* ListaTableViewCell.m in Sources */ = {isa = PBXBuildFile; fileRef = B303F29A1ACA034D000879FA /* ListaTableViewCell.m */; };
		E39F42821AC480760010195E /* BarCodeViewController.m in Sources */ = {isa = PBXBuildFile; fileRef = E39F42811AC480760010195E /* BarCodeViewController.m */; };
		E39F42841AC480D00010195E /* AVFoundation.framework in Frameworks */ = {isa = PBXBuildFile; fileRef = E39F42831AC480D00010195E /* AVFoundation.framework */; };
		E39F42861AC481040010195E /* Foundation.framework in Frameworks */ = {isa = PBXBuildFile; fileRef = E39F42851AC481040010195E /* Foundation.framework */; };
		E39F42881AC4810D0010195E /* QuartzCore.framework in Frameworks */ = {isa = PBXBuildFile; fileRef = E39F42871AC4810D0010195E /* QuartzCore.framework */; };
		E39F428A1AC481190010195E /* CoreGraphics.framework in Frameworks */ = {isa = PBXBuildFile; fileRef = E39F42891AC481190010195E /* CoreGraphics.framework */; };
		E39F428C1AC4812D0010195E /* UIKit.framework in Frameworks */ = {isa = PBXBuildFile; fileRef = E39F428B1AC4812D0010195E /* UIKit.framework */; };
		F75A96D31ACB0A80007B2EDC /* ConfigTableViewController.m in Sources */ = {isa = PBXBuildFile; fileRef = F75A96D21ACB0A80007B2EDC /* ConfigTableViewController.m */; };
		F75A96D61ACB0B0E007B2EDC /* AlertaTableViewCell.m in Sources */ = {isa = PBXBuildFile; fileRef = F75A96D51ACB0B0E007B2EDC /* AlertaTableViewCell.m */; };
		F75A96D91ACB0C22007B2EDC /* DataAlertaTableViewCell.m in Sources */ = {isa = PBXBuildFile; fileRef = F75A96D81ACB0C22007B2EDC /* DataAlertaTableViewCell.m */; };
/* End PBXBuildFile section */

/* Begin PBXContainerItemProxy section */
		B303F2611AC33233000879FA /* PBXContainerItemProxy */ = {
			isa = PBXContainerItemProxy;
			containerPortal = B303F23F1AC33233000879FA /* Project object */;
			proxyType = 1;
			remoteGlobalIDString = B303F2461AC33233000879FA;
			remoteInfo = ER;
		};
/* End PBXContainerItemProxy section */

/* Begin PBXFileReference section */
		B29660741AC33D2B0070C7A5 /* ProdutoSingleton.h */ = {isa = PBXFileReference; fileEncoding = 4; lastKnownFileType = sourcecode.c.h; path = ProdutoSingleton.h; sourceTree = "<group>"; };
		B29660751AC33D2B0070C7A5 /* ProdutoSingleton.m */ = {isa = PBXFileReference; fileEncoding = 4; lastKnownFileType = sourcecode.c.objc; path = ProdutoSingleton.m; sourceTree = "<group>"; };
		B29660771AC341EA0070C7A5 /* Realm.framework */ = {isa = PBXFileReference; lastKnownFileType = wrapper.framework; path = Realm.framework; sourceTree = "<group>"; };
		B29660791AC342110070C7A5 /* libc++.dylib */ = {isa = PBXFileReference; lastKnownFileType = "compiled.mach-o.dylib"; name = "libc++.dylib"; path = "usr/lib/libc++.dylib"; sourceTree = SDKROOT; };
		B296607B1AC3426D0070C7A5 /* Produto.h */ = {isa = PBXFileReference; fileEncoding = 4; lastKnownFileType = sourcecode.c.h; path = Produto.h; sourceTree = "<group>"; };
		B296607C1AC3426D0070C7A5 /* Produto.m */ = {isa = PBXFileReference; fileEncoding = 4; lastKnownFileType = sourcecode.c.objc; path = Produto.m; sourceTree = "<group>"; };
		B296607E1AC351270070C7A5 /* CalendarioViewController.h */ = {isa = PBXFileReference; fileEncoding = 4; lastKnownFileType = sourcecode.c.h; path = CalendarioViewController.h; sourceTree = "<group>"; };
		B296607F1AC351270070C7A5 /* CalendarioViewController.m */ = {isa = PBXFileReference; fileEncoding = 4; lastKnownFileType = sourcecode.c.objc; path = CalendarioViewController.m; sourceTree = "<group>"; };
		B29660811AC4756F0070C7A5 /* addProdViewController.h */ = {isa = PBXFileReference; fileEncoding = 4; lastKnownFileType = sourcecode.c.h; path = addProdViewController.h; sourceTree = "<group>"; };
		B29660821AC4756F0070C7A5 /* addProdViewController.m */ = {isa = PBXFileReference; fileEncoding = 4; lastKnownFileType = sourcecode.c.objc; path = addProdViewController.m; sourceTree = "<group>"; };
		B29660841AC49DE00070C7A5 /* DatePickerTableViewCell.h */ = {isa = PBXFileReference; fileEncoding = 4; lastKnownFileType = sourcecode.c.h; name = DatePickerTableViewCell.h; path = ../DatePickerTableViewCell.h; sourceTree = "<group>"; };
		B29660851AC49DE00070C7A5 /* DatePickerTableViewCell.m */ = {isa = PBXFileReference; fileEncoding = 4; lastKnownFileType = sourcecode.c.objc; name = DatePickerTableViewCell.m; path = ../DatePickerTableViewCell.m; sourceTree = "<group>"; };
		B29660871AC49DF70070C7A5 /* ProdutoTableViewCell.h */ = {isa = PBXFileReference; fileEncoding = 4; lastKnownFileType = sourcecode.c.h; name = ProdutoTableViewCell.h; path = ../ProdutoTableViewCell.h; sourceTree = "<group>"; };
		B29660881AC49DF70070C7A5 /* ProdutoTableViewCell.m */ = {isa = PBXFileReference; fileEncoding = 4; lastKnownFileType = sourcecode.c.objc; name = ProdutoTableViewCell.m; path = ../ProdutoTableViewCell.m; sourceTree = "<group>"; };
		B296608A1AC49E080070C7A5 /* ImagemTableViewCell.h */ = {isa = PBXFileReference; fileEncoding = 4; lastKnownFileType = sourcecode.c.h; name = ImagemTableViewCell.h; path = ../ImagemTableViewCell.h; sourceTree = "<group>"; };
		B296608B1AC49E080070C7A5 /* ImagemTableViewCell.m */ = {isa = PBXFileReference; fileEncoding = 4; lastKnownFileType = sourcecode.c.objc; name = ImagemTableViewCell.m; path = ../ImagemTableViewCell.m; sourceTree = "<group>"; };
		B296608D1AC49EF20070C7A5 /* DataValidadeTableViewCell.h */ = {isa = PBXFileReference; fileEncoding = 4; lastKnownFileType = sourcecode.c.h; path = DataValidadeTableViewCell.h; sourceTree = "<group>"; };
		B296608E1AC49EF20070C7A5 /* DataValidadeTableViewCell.m */ = {isa = PBXFileReference; fileEncoding = 4; lastKnownFileType = sourcecode.c.objc; path = DataValidadeTableViewCell.m; sourceTree = "<group>"; };
		B2D39C5A1ACC7343005201FB /* DetalhesViewController.h */ = {isa = PBXFileReference; fileEncoding = 4; lastKnownFileType = sourcecode.c.h; path = DetalhesViewController.h; sourceTree = "<group>"; };
		B2D39C5B1ACC7343005201FB /* DetalhesViewController.m */ = {isa = PBXFileReference; fileEncoding = 4; lastKnownFileType = sourcecode.c.objc; path = DetalhesViewController.m; sourceTree = "<group>"; };
		B303F2471AC33233000879FA /* ER.app */ = {isa = PBXFileReference; explicitFileType = wrapper.application; includeInIndex = 0; path = ER.app; sourceTree = BUILT_PRODUCTS_DIR; };
		B303F24B1AC33233000879FA /* Info.plist */ = {isa = PBXFileReference; lastKnownFileType = text.plist.xml; path = Info.plist; sourceTree = "<group>"; };
		B303F24C1AC33233000879FA /* main.m */ = {isa = PBXFileReference; lastKnownFileType = sourcecode.c.objc; path = main.m; sourceTree = "<group>"; };
		B303F24E1AC33233000879FA /* AppDelegate.h */ = {isa = PBXFileReference; lastKnownFileType = sourcecode.c.h; path = AppDelegate.h; sourceTree = "<group>"; };
		B303F24F1AC33233000879FA /* AppDelegate.m */ = {isa = PBXFileReference; lastKnownFileType = sourcecode.c.objc; path = AppDelegate.m; sourceTree = "<group>"; };
		B303F2511AC33233000879FA /* ViewController.h */ = {isa = PBXFileReference; lastKnownFileType = sourcecode.c.h; path = ViewController.h; sourceTree = "<group>"; };
		B303F2521AC33233000879FA /* ViewController.m */ = {isa = PBXFileReference; lastKnownFileType = sourcecode.c.objc; path = ViewController.m; sourceTree = "<group>"; };
		B303F2551AC33233000879FA /* Base */ = {isa = PBXFileReference; lastKnownFileType = file.storyboard; name = Base; path = Base.lproj/Main.storyboard; sourceTree = "<group>"; };
		B303F2571AC33233000879FA /* Images.xcassets */ = {isa = PBXFileReference; lastKnownFileType = folder.assetcatalog; path = Images.xcassets; sourceTree = "<group>"; };
		B303F25A1AC33233000879FA /* Base */ = {isa = PBXFileReference; lastKnownFileType = file.xib; name = Base; path = Base.lproj/LaunchScreen.xib; sourceTree = "<group>"; };
		B303F2601AC33233000879FA /* ERTests.xctest */ = {isa = PBXFileReference; explicitFileType = wrapper.cfbundle; includeInIndex = 0; path = ERTests.xctest; sourceTree = BUILT_PRODUCTS_DIR; };
		B303F2651AC33233000879FA /* Info.plist */ = {isa = PBXFileReference; lastKnownFileType = text.plist.xml; path = Info.plist; sourceTree = "<group>"; };
		B303F2661AC33233000879FA /* ERTests.m */ = {isa = PBXFileReference; lastKnownFileType = sourcecode.c.objc; path = ERTests.m; sourceTree = "<group>"; };
		B303F2991ACA034D000879FA /* ListaTableViewCell.h */ = {isa = PBXFileReference; fileEncoding = 4; lastKnownFileType = sourcecode.c.h; path = ListaTableViewCell.h; sourceTree = "<group>"; };
		B303F29A1ACA034D000879FA /* ListaTableViewCell.m */ = {isa = PBXFileReference; fileEncoding = 4; lastKnownFileType = sourcecode.c.objc; path = ListaTableViewCell.m; sourceTree = "<group>"; };
		E39F42801AC480760010195E /* BarCodeViewController.h */ = {isa = PBXFileReference; fileEncoding = 4; lastKnownFileType = sourcecode.c.h; name = BarCodeViewController.h; path = ../BarCodeViewController.h; sourceTree = "<group>"; };
		E39F42811AC480760010195E /* BarCodeViewController.m */ = {isa = PBXFileReference; fileEncoding = 4; lastKnownFileType = sourcecode.c.objc; name = BarCodeViewController.m; path = ../BarCodeViewController.m; sourceTree = "<group>"; };
		E39F42831AC480D00010195E /* AVFoundation.framework */ = {isa = PBXFileReference; lastKnownFileType = wrapper.framework; name = AVFoundation.framework; path = System/Library/Frameworks/AVFoundation.framework; sourceTree = SDKROOT; };
		E39F42851AC481040010195E /* Foundation.framework */ = {isa = PBXFileReference; lastKnownFileType = wrapper.framework; name = Foundation.framework; path = System/Library/Frameworks/Foundation.framework; sourceTree = SDKROOT; };
		E39F42871AC4810D0010195E /* QuartzCore.framework */ = {isa = PBXFileReference; lastKnownFileType = wrapper.framework; name = QuartzCore.framework; path = System/Library/Frameworks/QuartzCore.framework; sourceTree = SDKROOT; };
		E39F42891AC481190010195E /* CoreGraphics.framework */ = {isa = PBXFileReference; lastKnownFileType = wrapper.framework; name = CoreGraphics.framework; path = System/Library/Frameworks/CoreGraphics.framework; sourceTree = SDKROOT; };
		E39F428B1AC4812D0010195E /* UIKit.framework */ = {isa = PBXFileReference; lastKnownFileType = wrapper.framework; name = UIKit.framework; path = System/Library/Frameworks/UIKit.framework; sourceTree = SDKROOT; };
		F75A96D11ACB0A80007B2EDC /* ConfigTableViewController.h */ = {isa = PBXFileReference; fileEncoding = 4; lastKnownFileType = sourcecode.c.h; name = ConfigTableViewController.h; path = ../ConfigTableViewController.h; sourceTree = "<group>"; };
		F75A96D21ACB0A80007B2EDC /* ConfigTableViewController.m */ = {isa = PBXFileReference; fileEncoding = 4; lastKnownFileType = sourcecode.c.objc; name = ConfigTableViewController.m; path = ../ConfigTableViewController.m; sourceTree = "<group>"; };
		F75A96D41ACB0B0E007B2EDC /* AlertaTableViewCell.h */ = {isa = PBXFileReference; fileEncoding = 4; lastKnownFileType = sourcecode.c.h; path = AlertaTableViewCell.h; sourceTree = "<group>"; };
		F75A96D51ACB0B0E007B2EDC /* AlertaTableViewCell.m */ = {isa = PBXFileReference; fileEncoding = 4; lastKnownFileType = sourcecode.c.objc; path = AlertaTableViewCell.m; sourceTree = "<group>"; };
		F75A96D71ACB0C22007B2EDC /* DataAlertaTableViewCell.h */ = {isa = PBXFileReference; fileEncoding = 4; lastKnownFileType = sourcecode.c.h; name = DataAlertaTableViewCell.h; path = ../DataAlertaTableViewCell.h; sourceTree = "<group>"; };
		F75A96D81ACB0C22007B2EDC /* DataAlertaTableViewCell.m */ = {isa = PBXFileReference; fileEncoding = 4; lastKnownFileType = sourcecode.c.objc; name = DataAlertaTableViewCell.m; path = ../DataAlertaTableViewCell.m; sourceTree = "<group>"; };
/* End PBXFileReference section */

/* Begin PBXFrameworksBuildPhase section */
		B303F2441AC33233000879FA /* Frameworks */ = {
			isa = PBXFrameworksBuildPhase;
			buildActionMask = 2147483647;
			files = (
				E39F428C1AC4812D0010195E /* UIKit.framework in Frameworks */,
				E39F428A1AC481190010195E /* CoreGraphics.framework in Frameworks */,
				E39F42881AC4810D0010195E /* QuartzCore.framework in Frameworks */,
				E39F42861AC481040010195E /* Foundation.framework in Frameworks */,
				E39F42841AC480D00010195E /* AVFoundation.framework in Frameworks */,
				B296607A1AC342110070C7A5 /* libc++.dylib in Frameworks */,
				B29660781AC341EA0070C7A5 /* Realm.framework in Frameworks */,
			);
			runOnlyForDeploymentPostprocessing = 0;
		};
		B303F25D1AC33233000879FA /* Frameworks */ = {
			isa = PBXFrameworksBuildPhase;
			buildActionMask = 2147483647;
			files = (
			);
			runOnlyForDeploymentPostprocessing = 0;
		};
/* End PBXFrameworksBuildPhase section */

/* Begin PBXGroup section */
		B303F23E1AC33233000879FA = {
			isa = PBXGroup;
			children = (
				E39F428B1AC4812D0010195E /* UIKit.framework */,
				E39F42891AC481190010195E /* CoreGraphics.framework */,
				E39F42871AC4810D0010195E /* QuartzCore.framework */,
				E39F42851AC481040010195E /* Foundation.framework */,
				E39F42831AC480D00010195E /* AVFoundation.framework */,
				B29660791AC342110070C7A5 /* libc++.dylib */,
				B29660771AC341EA0070C7A5 /* Realm.framework */,
				B303F2491AC33233000879FA /* ER */,
				B303F2631AC33233000879FA /* ERTests */,
				B303F2481AC33233000879FA /* Products */,
			);
			sourceTree = "<group>";
		};
		B303F2481AC33233000879FA /* Products */ = {
			isa = PBXGroup;
			children = (
				B303F2471AC33233000879FA /* ER.app */,
				B303F2601AC33233000879FA /* ERTests.xctest */,
			);
			name = Products;
			sourceTree = "<group>";
		};
		B303F2491AC33233000879FA /* ER */ = {
			isa = PBXGroup;
			children = (
				B303F24E1AC33233000879FA /* AppDelegate.h */,
				B303F24F1AC33233000879FA /* AppDelegate.m */,
				E3E22C4C1AC756AB00EE3E8C /* custom cells */,
				E3E22C4D1AC756BC00EE3E8C /* view controllers */,
				E3E22C4E1AC756FA00EE3E8C /* model */,
				E3E22C4F1AC7571100EE3E8C /* singleton */,
				B303F2541AC33233000879FA /* Main.storyboard */,
				B303F2571AC33233000879FA /* Images.xcassets */,
				B303F2591AC33233000879FA /* LaunchScreen.xib */,
				B303F24A1AC33233000879FA /* Supporting Files */,
			);
			path = ER;
			sourceTree = "<group>";
		};
		B303F24A1AC33233000879FA /* Supporting Files */ = {
			isa = PBXGroup;
			children = (
				B303F24B1AC33233000879FA /* Info.plist */,
				B303F24C1AC33233000879FA /* main.m */,
			);
			name = "Supporting Files";
			sourceTree = "<group>";
		};
		B303F2631AC33233000879FA /* ERTests */ = {
			isa = PBXGroup;
			children = (
				B303F2661AC33233000879FA /* ERTests.m */,
				B303F2641AC33233000879FA /* Supporting Files */,
			);
			path = ERTests;
			sourceTree = "<group>";
		};
		B303F2641AC33233000879FA /* Supporting Files */ = {
			isa = PBXGroup;
			children = (
				B303F2651AC33233000879FA /* Info.plist */,
			);
			name = "Supporting Files";
			sourceTree = "<group>";
		};
		E3E22C4C1AC756AB00EE3E8C /* custom cells */ = {
			isa = PBXGroup;
			children = (
				F75A96D71ACB0C22007B2EDC /* DataAlertaTableViewCell.h */,
				F75A96D81ACB0C22007B2EDC /* DataAlertaTableViewCell.m */,
				F75A96D41ACB0B0E007B2EDC /* AlertaTableViewCell.h */,
				F75A96D51ACB0B0E007B2EDC /* AlertaTableViewCell.m */,
				B296608A1AC49E080070C7A5 /* ImagemTableViewCell.h */,
				B296608B1AC49E080070C7A5 /* ImagemTableViewCell.m */,
				B29660871AC49DF70070C7A5 /* ProdutoTableViewCell.h */,
				B29660881AC49DF70070C7A5 /* ProdutoTableViewCell.m */,
				B296608D1AC49EF20070C7A5 /* DataValidadeTableViewCell.h */,
				B296608E1AC49EF20070C7A5 /* DataValidadeTableViewCell.m */,
				B29660841AC49DE00070C7A5 /* DatePickerTableViewCell.h */,
				B29660851AC49DE00070C7A5 /* DatePickerTableViewCell.m */,
				B303F2991ACA034D000879FA /* ListaTableViewCell.h */,
				B303F29A1ACA034D000879FA /* ListaTableViewCell.m */,
			);
			name = "custom cells";
			sourceTree = "<group>";
		};
		E3E22C4D1AC756BC00EE3E8C /* view controllers */ = {
			isa = PBXGroup;
			children = (
				F75A96D11ACB0A80007B2EDC /* ConfigTableViewController.h */,
				F75A96D21ACB0A80007B2EDC /* ConfigTableViewController.m */,
				E39F42801AC480760010195E /* BarCodeViewController.h */,
				E39F42811AC480760010195E /* BarCodeViewController.m */,
				B303F2511AC33233000879FA /* ViewController.h */,
				B303F2521AC33233000879FA /* ViewController.m */,
				B29660811AC4756F0070C7A5 /* addProdViewController.h */,
				B29660821AC4756F0070C7A5 /* addProdViewController.m */,
				B296607E1AC351270070C7A5 /* CalendarioViewController.h */,
				B296607F1AC351270070C7A5 /* CalendarioViewController.m */,
				B2D39C5A1ACC7343005201FB /* DetalhesViewController.h */,
				B2D39C5B1ACC7343005201FB /* DetalhesViewController.m */,
			);
			name = "view controllers";
			sourceTree = "<group>";
		};
		E3E22C4E1AC756FA00EE3E8C /* model */ = {
			isa = PBXGroup;
			children = (
				B296607C1AC3426D0070C7A5 /* Produto.m */,
				B296607B1AC3426D0070C7A5 /* Produto.h */,
			);
			name = model;
			sourceTree = "<group>";
		};
		E3E22C4F1AC7571100EE3E8C /* singleton */ = {
			isa = PBXGroup;
			children = (
				B29660751AC33D2B0070C7A5 /* ProdutoSingleton.m */,
				B29660741AC33D2B0070C7A5 /* ProdutoSingleton.h */,
			);
			name = singleton;
			sourceTree = "<group>";
		};
/* End PBXGroup section */

/* Begin PBXNativeTarget section */
		B303F2461AC33233000879FA /* ER */ = {
			isa = PBXNativeTarget;
			buildConfigurationList = B303F26A1AC33233000879FA /* Build configuration list for PBXNativeTarget "ER" */;
			buildPhases = (
				B303F2431AC33233000879FA /* Sources */,
				B303F2441AC33233000879FA /* Frameworks */,
				B303F2451AC33233000879FA /* Resources */,
			);
			buildRules = (
			);
			dependencies = (
			);
			name = ER;
			productName = ER;
			productReference = B303F2471AC33233000879FA /* ER.app */;
			productType = "com.apple.product-type.application";
		};
		B303F25F1AC33233000879FA /* ERTests */ = {
			isa = PBXNativeTarget;
			buildConfigurationList = B303F26D1AC33233000879FA /* Build configuration list for PBXNativeTarget "ERTests" */;
			buildPhases = (
				B303F25C1AC33233000879FA /* Sources */,
				B303F25D1AC33233000879FA /* Frameworks */,
				B303F25E1AC33233000879FA /* Resources */,
			);
			buildRules = (
			);
			dependencies = (
				B303F2621AC33233000879FA /* PBXTargetDependency */,
			);
			name = ERTests;
			productName = ERTests;
			productReference = B303F2601AC33233000879FA /* ERTests.xctest */;
			productType = "com.apple.product-type.bundle.unit-test";
		};
/* End PBXNativeTarget section */

/* Begin PBXProject section */
		B303F23F1AC33233000879FA /* Project object */ = {
			isa = PBXProject;
			attributes = {
				LastUpgradeCheck = 0620;
				ORGANIZATIONNAME = "Vivian Chiodo Dias";
				TargetAttributes = {
					B303F2461AC33233000879FA = {
						CreatedOnToolsVersion = 6.2;
					};
					B303F25F1AC33233000879FA = {
						CreatedOnToolsVersion = 6.2;
						TestTargetID = B303F2461AC33233000879FA;
					};
				};
			};
			buildConfigurationList = B303F2421AC33233000879FA /* Build configuration list for PBXProject "ER" */;
			compatibilityVersion = "Xcode 3.2";
			developmentRegion = English;
			hasScannedForEncodings = 0;
			knownRegions = (
				en,
				Base,
			);
			mainGroup = B303F23E1AC33233000879FA;
			productRefGroup = B303F2481AC33233000879FA /* Products */;
			projectDirPath = "";
			projectRoot = "";
			targets = (
				B303F2461AC33233000879FA /* ER */,
				B303F25F1AC33233000879FA /* ERTests */,
			);
		};
/* End PBXProject section */

/* Begin PBXResourcesBuildPhase section */
		B303F2451AC33233000879FA /* Resources */ = {
			isa = PBXResourcesBuildPhase;
			buildActionMask = 2147483647;
			files = (
				B303F2561AC33233000879FA /* Main.storyboard in Resources */,
				B303F25B1AC33233000879FA /* LaunchScreen.xib in Resources */,
				B303F2581AC33233000879FA /* Images.xcassets in Resources */,
			);
			runOnlyForDeploymentPostprocessing = 0;
		};
		B303F25E1AC33233000879FA /* Resources */ = {
			isa = PBXResourcesBuildPhase;
			buildActionMask = 2147483647;
			files = (
			);
			runOnlyForDeploymentPostprocessing = 0;
		};
/* End PBXResourcesBuildPhase section */

/* Begin PBXSourcesBuildPhase section */
		B303F2431AC33233000879FA /* Sources */ = {
			isa = PBXSourcesBuildPhase;
			buildActionMask = 2147483647;
			files = (
				B29660801AC351270070C7A5 /* CalendarioViewController.m in Sources */,
				B29660891AC49DF70070C7A5 /* ProdutoTableViewCell.m in Sources */,
				E39F42821AC480760010195E /* BarCodeViewController.m in Sources */,
				B29660761AC33D2B0070C7A5 /* ProdutoSingleton.m in Sources */,
				B303F2531AC33233000879FA /* ViewController.m in Sources */,
				B303F29B1ACA034D000879FA /* ListaTableViewCell.m in Sources */,
				B296608F1AC49EF20070C7A5 /* DataValidadeTableViewCell.m in Sources */,
				B29660861AC49DE00070C7A5 /* DatePickerTableViewCell.m in Sources */,
				B303F2501AC33233000879FA /* AppDelegate.m in Sources */,
				F75A96D31ACB0A80007B2EDC /* ConfigTableViewController.m in Sources */,
				F75A96D91ACB0C22007B2EDC /* DataAlertaTableViewCell.m in Sources */,
				B296608C1AC49E080070C7A5 /* ImagemTableViewCell.m in Sources */,
				B303F24D1AC33233000879FA /* main.m in Sources */,
				B29660831AC4756F0070C7A5 /* addProdViewController.m in Sources */,
				F75A96D61ACB0B0E007B2EDC /* AlertaTableViewCell.m in Sources */,
				B296607D1AC3426D0070C7A5 /* Produto.m in Sources */,
				B2D39C5C1ACC7343005201FB /* DetalhesViewController.m in Sources */,
			);
			runOnlyForDeploymentPostprocessing = 0;
		};
		B303F25C1AC33233000879FA /* Sources */ = {
			isa = PBXSourcesBuildPhase;
			buildActionMask = 2147483647;
			files = (
				B303F2671AC33233000879FA /* ERTests.m in Sources */,
			);
			runOnlyForDeploymentPostprocessing = 0;
		};
/* End PBXSourcesBuildPhase section */

/* Begin PBXTargetDependency section */
		B303F2621AC33233000879FA /* PBXTargetDependency */ = {
			isa = PBXTargetDependency;
			target = B303F2461AC33233000879FA /* ER */;
			targetProxy = B303F2611AC33233000879FA /* PBXContainerItemProxy */;
		};
/* End PBXTargetDependency section */

/* Begin PBXVariantGroup section */
		B303F2541AC33233000879FA /* Main.storyboard */ = {
			isa = PBXVariantGroup;
			children = (
				B303F2551AC33233000879FA /* Base */,
			);
			name = Main.storyboard;
			sourceTree = "<group>";
		};
		B303F2591AC33233000879FA /* LaunchScreen.xib */ = {
			isa = PBXVariantGroup;
			children = (
				B303F25A1AC33233000879FA /* Base */,
			);
			name = LaunchScreen.xib;
			sourceTree = "<group>";
		};
/* End PBXVariantGroup section */

/* Begin XCBuildConfiguration section */
		B303F2681AC33233000879FA /* Debug */ = {
			isa = XCBuildConfiguration;
			buildSettings = {
				ALWAYS_SEARCH_USER_PATHS = NO;
				CLANG_CXX_LANGUAGE_STANDARD = "gnu++0x";
				CLANG_CXX_LIBRARY = "libc++";
				CLANG_ENABLE_MODULES = YES;
				CLANG_ENABLE_OBJC_ARC = YES;
				CLANG_WARN_BOOL_CONVERSION = YES;
				CLANG_WARN_CONSTANT_CONVERSION = YES;
				CLANG_WARN_DIRECT_OBJC_ISA_USAGE = YES_ERROR;
				CLANG_WARN_EMPTY_BODY = YES;
				CLANG_WARN_ENUM_CONVERSION = YES;
				CLANG_WARN_INT_CONVERSION = YES;
				CLANG_WARN_OBJC_ROOT_CLASS = YES_ERROR;
				CLANG_WARN_UNREACHABLE_CODE = YES;
				CLANG_WARN__DUPLICATE_METHOD_MATCH = YES;
				"CODE_SIGN_IDENTITY[sdk=iphoneos*]" = "iPhone Developer";
				COPY_PHASE_STRIP = NO;
				ENABLE_STRICT_OBJC_MSGSEND = YES;
				GCC_C_LANGUAGE_STANDARD = gnu99;
				GCC_DYNAMIC_NO_PIC = NO;
				GCC_OPTIMIZATION_LEVEL = 0;
				GCC_PREPROCESSOR_DEFINITIONS = (
					"DEBUG=1",
					"$(inherited)",
				);
				GCC_SYMBOLS_PRIVATE_EXTERN = NO;
				GCC_WARN_64_TO_32_BIT_CONVERSION = YES;
				GCC_WARN_ABOUT_RETURN_TYPE = YES_ERROR;
				GCC_WARN_UNDECLARED_SELECTOR = YES;
				GCC_WARN_UNINITIALIZED_AUTOS = YES_AGGRESSIVE;
				GCC_WARN_UNUSED_FUNCTION = YES;
				GCC_WARN_UNUSED_VARIABLE = YES;
				IPHONEOS_DEPLOYMENT_TARGET = 8.2;
				MTL_ENABLE_DEBUG_INFO = YES;
				ONLY_ACTIVE_ARCH = YES;
				SDKROOT = iphoneos;
			};
			name = Debug;
		};
		B303F2691AC33233000879FA /* Release */ = {
			isa = XCBuildConfiguration;
			buildSettings = {
				ALWAYS_SEARCH_USER_PATHS = NO;
				CLANG_CXX_LANGUAGE_STANDARD = "gnu++0x";
				CLANG_CXX_LIBRARY = "libc++";
				CLANG_ENABLE_MODULES = YES;
				CLANG_ENABLE_OBJC_ARC = YES;
				CLANG_WARN_BOOL_CONVERSION = YES;
				CLANG_WARN_CONSTANT_CONVERSION = YES;
				CLANG_WARN_DIRECT_OBJC_ISA_USAGE = YES_ERROR;
				CLANG_WARN_EMPTY_BODY = YES;
				CLANG_WARN_ENUM_CONVERSION = YES;
				CLANG_WARN_INT_CONVERSION = YES;
				CLANG_WARN_OBJC_ROOT_CLASS = YES_ERROR;
				CLANG_WARN_UNREACHABLE_CODE = YES;
				CLANG_WARN__DUPLICATE_METHOD_MATCH = YES;
				"CODE_SIGN_IDENTITY[sdk=iphoneos*]" = "iPhone Developer";
				COPY_PHASE_STRIP = NO;
				ENABLE_NS_ASSERTIONS = NO;
				ENABLE_STRICT_OBJC_MSGSEND = YES;
				GCC_C_LANGUAGE_STANDARD = gnu99;
				GCC_WARN_64_TO_32_BIT_CONVERSION = YES;
				GCC_WARN_ABOUT_RETURN_TYPE = YES_ERROR;
				GCC_WARN_UNDECLARED_SELECTOR = YES;
				GCC_WARN_UNINITIALIZED_AUTOS = YES_AGGRESSIVE;
				GCC_WARN_UNUSED_FUNCTION = YES;
				GCC_WARN_UNUSED_VARIABLE = YES;
				IPHONEOS_DEPLOYMENT_TARGET = 8.2;
				MTL_ENABLE_DEBUG_INFO = NO;
				SDKROOT = iphoneos;
				VALIDATE_PRODUCT = YES;
			};
			name = Release;
		};
		B303F26B1AC33233000879FA /* Debug */ = {
			isa = XCBuildConfiguration;
			buildSettings = {
				ASSETCATALOG_COMPILER_APPICON_NAME = AppIcon;
				FRAMEWORK_SEARCH_PATHS = (
					"$(inherited)",
					"$(PROJECT_DIR)",
				);
				INFOPLIST_FILE = ER/Info.plist;
				LD_RUNPATH_SEARCH_PATHS = "$(inherited) @executable_path/Frameworks";
				PRODUCT_NAME = "$(TARGET_NAME)";
			};
			name = Debug;
		};
		B303F26C1AC33233000879FA /* Release */ = {
			isa = XCBuildConfiguration;
			buildSettings = {
				ASSETCATALOG_COMPILER_APPICON_NAME = AppIcon;
				FRAMEWORK_SEARCH_PATHS = (
					"$(inherited)",
					"$(PROJECT_DIR)",
				);
				INFOPLIST_FILE = ER/Info.plist;
				LD_RUNPATH_SEARCH_PATHS = "$(inherited) @executable_path/Frameworks";
				PRODUCT_NAME = "$(TARGET_NAME)";
			};
			name = Release;
		};
		B303F26E1AC33233000879FA /* Debug */ = {
			isa = XCBuildConfiguration;
			buildSettings = {
				BUNDLE_LOADER = "$(TEST_HOST)";
				FRAMEWORK_SEARCH_PATHS = (
					"$(SDKROOT)/Developer/Library/Frameworks",
					"$(inherited)",
				);
				GCC_PREPROCESSOR_DEFINITIONS = (
					"DEBUG=1",
					"$(inherited)",
				);
				INFOPLIST_FILE = ERTests/Info.plist;
				LD_RUNPATH_SEARCH_PATHS = "$(inherited) @executable_path/Frameworks @loader_path/Frameworks";
				PRODUCT_NAME = "$(TARGET_NAME)";
				TEST_HOST = "$(BUILT_PRODUCTS_DIR)/ER.app/ER";
			};
			name = Debug;
		};
		B303F26F1AC33233000879FA /* Release */ = {
			isa = XCBuildConfiguration;
			buildSettings = {
				BUNDLE_LOADER = "$(TEST_HOST)";
				FRAMEWORK_SEARCH_PATHS = (
					"$(SDKROOT)/Developer/Library/Frameworks",
					"$(inherited)",
				);
				INFOPLIST_FILE = ERTests/Info.plist;
				LD_RUNPATH_SEARCH_PATHS = "$(inherited) @executable_path/Frameworks @loader_path/Frameworks";
				PRODUCT_NAME = "$(TARGET_NAME)";
				TEST_HOST = "$(BUILT_PRODUCTS_DIR)/ER.app/ER";
			};
			name = Release;
		};
/* End XCBuildConfiguration section */

/* Begin XCConfigurationList section */
		B303F2421AC33233000879FA /* Build configuration list for PBXProject "ER" */ = {
			isa = XCConfigurationList;
			buildConfigurations = (
				B303F2681AC33233000879FA /* Debug */,
				B303F2691AC33233000879FA /* Release */,
			);
			defaultConfigurationIsVisible = 0;
			defaultConfigurationName = Release;
		};
		B303F26A1AC33233000879FA /* Build configuration list for PBXNativeTarget "ER" */ = {
			isa = XCConfigurationList;
			buildConfigurations = (
				B303F26B1AC33233000879FA /* Debug */,
				B303F26C1AC33233000879FA /* Release */,
			);
			defaultConfigurationIsVisible = 0;
			defaultConfigurationName = Release;
		};
		B303F26D1AC33233000879FA /* Build configuration list for PBXNativeTarget "ERTests" */ = {
			isa = XCConfigurationList;
			buildConfigurations = (
				B303F26E1AC33233000879FA /* Debug */,
				B303F26F1AC33233000879FA /* Release */,
			);
			defaultConfigurationIsVisible = 0;
			defaultConfigurationName = Release;
		};
/* End XCConfigurationList section */
	};
	rootObject = B303F23F1AC33233000879FA /* Project object */;
}
